{
  "version": "4",
  "specifiers": {
    "jsr:@es-toolkit/es-toolkit@*": "1.32.0",
    "jsr:@panva/oauth4webapi@*": "3.1.4",
    "jsr:@panva/oauth4webapi@^3.1.4": "3.1.4",
    "jsr:@soundify/web-api@*": "1.1.5",
    "jsr:@soundify/web-api@^1.1.5": "1.1.5",
    "jsr:@std/assert@1": "1.0.11",
    "jsr:@std/cli@*": "1.0.20",
    "jsr:@std/internal@^1.0.5": "1.0.9"
  },
  "jsr": {
    "@es-toolkit/es-toolkit@1.32.0": {
      "integrity": "cbc7147d53e0ea5d218ed42cccc9b8f018c44871ae4ac5f44e7171c4c3a93fd3"
    },
    "@panva/oauth4webapi@3.1.4": {
      "integrity": "358731c861a3bc8ea0973a6297089e11762f066396f052b83f3b533b7372e088"
    },
    "@soundify/web-api@1.1.5": {
      "integrity": "4916a2cdad9a6a25003524a9389230e157ff2c21c6954f3fa8b9f28436fd6835"
    },
    "@std/assert@1.0.11": {
      "integrity": "2461ef3c368fe88bc60e186e7744a93112f16fd110022e113a0849e94d1c83c1",
      "dependencies": [
        "jsr:@std/internal"
      ]
    },
    "@std/cli@1.0.20": {
      "integrity": "a8c384a2c98cec6ec6a2055c273a916e2772485eb784af0db004c5ab8ba52333"
    },
    "@std/internal@1.0.9": {
      "integrity": "bdfb97f83e4db7a13e8faab26fb1958d1b80cc64366501af78a0aee151696eb8"
    }
  },
  "remote": {
    "https://deno.land/x/denoflate@1.2.1/mod.ts": "f5628e44b80b3d80ed525afa2ba0f12408e3849db817d47a883b801f9ce69dd6",
    "https://deno.land/x/denoflate@1.2.1/pkg/denoflate.js": "b9f9ad9457d3f12f28b1fb35c555f57443427f74decb403113d67364e4f2caf4",
    "https://deno.land/x/denoflate@1.2.1/pkg/denoflate_bg.wasm.js": "d581956245407a2115a3d7e8d85a9641c032940a8e810acbd59ca86afd34d44d",
    "https://deno.land/x/esbuild@v0.25.7/mod.js": "c9c92a85ea40a9e12bf8f5eb6ad03679c1071dd26a6783dec503bda4cf5d8466"
  },
  "workspace": {
    "dependencies": [
      "jsr:@panva/oauth4webapi@^3.1.4",
      "jsr:@soundify/web-api@^1.1.5",
      "jsr:@std/assert@1"
    ]
  }
}
